
Microsoft Visual Studio Solution File, Format Version 12.00
# Visual Studio Version 16
VisualStudioVersion = 16.0.31402.337
MinimumVisualStudioVersion = 10.0.40219.1
Project("{FAE04EC0-301F-11D3-BF4B-00C04F79EFBC}") = "projekti1", "projekti1\projekti1.csproj", "{186A46D7-1C3D-4769-8F3A-D263A8BEF6A3}"
EndProject
Global
	GlobalSection(SolutionConfigurationPlatforms) = preSolution
		Debug|Any CPU = Debug|Any CPU
		Release|Any CPU = Release|Any CPU
	EndGlobalSection
	GlobalSection(ProjectConfigurationPlatforms) = postSolution
		{186A46D7-1C3D-4769-8F3A-D263A8BEF6A3}.Debug|Any CPU.ActiveCfg = Debug|Any CPU
		{186A46D7-1C3D-4769-8F3A-D263A8BEF6A3}.Debug|Any CPU.Build.0 = Debug|Any CPU
		{186A46D7-1C3D-4769-8F3A-D263A8BEF6A3}.Release|Any CPU.ActiveCfg = Release|Any CPU
		{186A46D7-1C3D-4769-8F3A-D263A8BEF6A3}.Release|Any CPU.Build.0 = Release|Any CPU
	EndGlobalSection
	GlobalSection(SolutionProperties) = preSolution
		HideSolutionNode = FALSE
	EndGlobalSection
	GlobalSection(ExtensibilityGlobals) = postSolution
		SolutionGuid = {39CC133C-0FF8-4530-A637-A458600F4A4A}
	EndGlobalSection
EndGlobal
